
Microsoft Visual Studio Solution File, Format Version 12.00
# Visual Studio Version 16
VisualStudioVersion = 16.0.29709.97
MinimumVisualStudioVersion = 10.0.40219.1
Project("{FAE04EC0-301F-11D3-BF4B-00C04F79EFBC}") = "CarControl", "CarControl\CarControl.csproj", "{E35DDB9D-6BC0-43D8-B825-3C19F3B6529B}"
EndProject
Project("{00D1A9C2-B5F0-4AF3-8072-F6C62B433612}") = "Database", "Database\Database.sqlproj", "{A8A36AC3-AB76-4B02-B197-9AC71031E56B}"
EndProject
Global
	GlobalSection(SolutionConfigurationPlatforms) = preSolution
		Debug|Any CPU = Debug|Any CPU
		Release|Any CPU = Release|Any CPU
	EndGlobalSection
	GlobalSection(ProjectConfigurationPlatforms) = postSolution
		{E35DDB9D-6BC0-43D8-B825-3C19F3B6529B}.Debug|Any CPU.ActiveCfg = Debug|Any CPU
		{E35DDB9D-6BC0-43D8-B825-3C19F3B6529B}.Debug|Any CPU.Build.0 = Debug|Any CPU
		{E35DDB9D-6BC0-43D8-B825-3C19F3B6529B}.Release|Any CPU.ActiveCfg = Release|Any CPU
		{E35DDB9D-6BC0-43D8-B825-3C19F3B6529B}.Release|Any CPU.Build.0 = Release|Any CPU
		{A8A36AC3-AB76-4B02-B197-9AC71031E56B}.Debug|Any CPU.ActiveCfg = Debug|Any CPU
		{A8A36AC3-AB76-4B02-B197-9AC71031E56B}.Debug|Any CPU.Build.0 = Debug|Any CPU
		{A8A36AC3-AB76-4B02-B197-9AC71031E56B}.Debug|Any CPU.Deploy.0 = Debug|Any CPU
		{A8A36AC3-AB76-4B02-B197-9AC71031E56B}.Release|Any CPU.ActiveCfg = Release|Any CPU
		{A8A36AC3-AB76-4B02-B197-9AC71031E56B}.Release|Any CPU.Build.0 = Release|Any CPU
		{A8A36AC3-AB76-4B02-B197-9AC71031E56B}.Release|Any CPU.Deploy.0 = Release|Any CPU
	EndGlobalSection
	GlobalSection(SolutionProperties) = preSolution
		HideSolutionNode = FALSE
	EndGlobalSection
	GlobalSection(ExtensibilityGlobals) = postSolution
		SolutionGuid = {FCAC1C76-DD4A-44FE-9D28-77B254B60F47}
	EndGlobalSection
	GlobalSection(TeamFoundationVersionControl) = preSolution
		SccNumberOfProjects = 3
		SccEnterpriseProvider = {4CA58AB2-18FA-4F8D-95D4-32DDF27D184C}
		SccTeamFoundationServer = https://bogbrush.visualstudio.com/
		SccLocalPath0 = .
		SccProjectUniqueName1 = CarControl\\CarControl.csproj
		SccProjectName1 = CarControl
		SccLocalPath1 = CarControl
		SccProjectUniqueName2 = Database\\Database.sqlproj
		SccProjectName2 = Database
		SccLocalPath2 = Database
	EndGlobalSection
EndGlobal
